version: 2.0
shards:
  clim:
    git: https://github.com/at-grandpa/clim.git
    version: 0.15.0

  dotenv:
    git: https://github.com/gdotdesign/cr-dotenv.git
    version: 0.7.0

  halite:
    git: https://github.com/icyleaf/halite.git
    version: 0.10.7

  octokit:
    git: https://github.com/mipmip/octokit.cr.git
    version: 0.1.0+git.commit.d5c394663f180078434c97a9ac6324bbf9214ed5

  tallboy:
    git: https://github.com/epoch/tallboy.git
    version: 0.9.3

