version: 2.0
shards:
  clim:
    git: https://github.com/at-grandpa/clim.git
    version: 0.15.0

  dotenv:
    git: https://github.com/gdotdesign/cr-dotenv.git
    version: 0.7.0

  halite:
    git: https://github.com/icyleaf/halite.git
    version: 0.10.7

  octokit:
    path: /home/pim/cForks/octokit.cr
    version: 0.1.0+git.commit.2de713de0ec27d2b9266cd9a6b99f2ffe4d6c076

  tallboy:
    git: https://github.com/epoch/tallboy.git
    version: 0.9.3

